# This file is automatically @generated by Cargo.
# It is not intended for manual editing.
version = 4

[[package]]
name = "sts-cli"
version = "0.1.0"

[[package]]
name = "sts-config"
version = "0.1.0"

[[package]]
name = "sts-core"
version = "0.1.0"

[[package]]
name = "sts-http"
version = "0.1.0"

[[package]]
name = "sts-jose"
version = "0.1.0"

[[package]]
name = "sts-replay"
version = "0.1.0"

[[package]]
name = "sts-verify"
version = "0.1.0"
